
Microsoft Visual Studio Solution File, Format Version 12.00
# Visual Studio Version 17
VisualStudioVersion = 17.4.33205.214
MinimumVisualStudioVersion = 10.0.40219.1
Project("{9A19103F-16F7-4668-BE54-9A1E7A4F7556}") = "DataAccess", "DataAccess\DataAccess.csproj", "{391CD7D8-75EE-4E14-93CF-3C1ECD3500CB}"
EndProject
Project("{9A19103F-16F7-4668-BE54-9A1E7A4F7556}") = "Business", "Business\Business.csproj", "{E2F50001-765D-4A40-839F-D81F261B1A1E}"
EndProject
Project("{9A19103F-16F7-4668-BE54-9A1E7A4F7556}") = "Entities", "Entities\Entities.csproj", "{A8DDE755-15AB-48A6-A6F7-56F7935F7BC9}"
EndProject
Project("{9A19103F-16F7-4668-BE54-9A1E7A4F7556}") = "ConsoleUI", "ConsoleUI\ConsoleUI.csproj", "{C4797049-6880-41C5-97B6-49F83FDB9C41}"
EndProject
Project("{FAE04EC0-301F-11D3-BF4B-00C04F79EFBC}") = "Core", "Core\Core.csproj", "{EACE9983-2AD9-4F3C-95A7-43B722294A80}"
EndProject
Global
	GlobalSection(SolutionConfigurationPlatforms) = preSolution
		Debug|Any CPU = Debug|Any CPU
		Release|Any CPU = Release|Any CPU
	EndGlobalSection
	GlobalSection(ProjectConfigurationPlatforms) = postSolution
		{391CD7D8-75EE-4E14-93CF-3C1ECD3500CB}.Debug|Any CPU.ActiveCfg = Debug|Any CPU
		{391CD7D8-75EE-4E14-93CF-3C1ECD3500CB}.Debug|Any CPU.Build.0 = Debug|Any CPU
		{391CD7D8-75EE-4E14-93CF-3C1ECD3500CB}.Release|Any CPU.ActiveCfg = Release|Any CPU
		{391CD7D8-75EE-4E14-93CF-3C1ECD3500CB}.Release|Any CPU.Build.0 = Release|Any CPU
		{E2F50001-765D-4A40-839F-D81F261B1A1E}.Debug|Any CPU.ActiveCfg = Debug|Any CPU
		{E2F50001-765D-4A40-839F-D81F261B1A1E}.Debug|Any CPU.Build.0 = Debug|Any CPU
		{E2F50001-765D-4A40-839F-D81F261B1A1E}.Release|Any CPU.ActiveCfg = Release|Any CPU
		{E2F50001-765D-4A40-839F-D81F261B1A1E}.Release|Any CPU.Build.0 = Release|Any CPU
		{A8DDE755-15AB-48A6-A6F7-56F7935F7BC9}.Debug|Any CPU.ActiveCfg = Debug|Any CPU
		{A8DDE755-15AB-48A6-A6F7-56F7935F7BC9}.Debug|Any CPU.Build.0 = Debug|Any CPU
		{A8DDE755-15AB-48A6-A6F7-56F7935F7BC9}.Release|Any CPU.ActiveCfg = Release|Any CPU
		{A8DDE755-15AB-48A6-A6F7-56F7935F7BC9}.Release|Any CPU.Build.0 = Release|Any CPU
		{C4797049-6880-41C5-97B6-49F83FDB9C41}.Debug|Any CPU.ActiveCfg = Debug|Any CPU
		{C4797049-6880-41C5-97B6-49F83FDB9C41}.Debug|Any CPU.Build.0 = Debug|Any CPU
		{C4797049-6880-41C5-97B6-49F83FDB9C41}.Release|Any CPU.ActiveCfg = Release|Any CPU
		{C4797049-6880-41C5-97B6-49F83FDB9C41}.Release|Any CPU.Build.0 = Release|Any CPU
		{EACE9983-2AD9-4F3C-95A7-43B722294A80}.Debug|Any CPU.ActiveCfg = Debug|Any CPU
		{EACE9983-2AD9-4F3C-95A7-43B722294A80}.Debug|Any CPU.Build.0 = Debug|Any CPU
		{EACE9983-2AD9-4F3C-95A7-43B722294A80}.Release|Any CPU.ActiveCfg = Release|Any CPU
		{EACE9983-2AD9-4F3C-95A7-43B722294A80}.Release|Any CPU.Build.0 = Release|Any CPU
	EndGlobalSection
	GlobalSection(SolutionProperties) = preSolution
		HideSolutionNode = FALSE
	EndGlobalSection
	GlobalSection(ExtensibilityGlobals) = postSolution
		SolutionGuid = {5D83C1C1-599B-4DD5-A788-52C48D413F8F}
	EndGlobalSection
EndGlobal
